
Microsoft Visual Studio Solution File, Format Version 12.00
# Visual Studio Version 17
VisualStudioVersion = 17.11.35312.102
MinimumVisualStudioVersion = 10.0.40219.1
Project("{9A19103F-16F7-4668-BE54-9A1E7A4F7556}") = "NZWalks.API", "NZWalks.API\NZWalks.API.csproj", "{DF6E1D28-EAEB-440C-84E2-0CF018313D6F}"
EndProject
Project("{FAE04EC0-301F-11D3-BF4B-00C04F79EFBC}") = "NZWalks.UI", "NZWalks.UI\NZWalks.UI.csproj", "{4F6EA92D-F780-47A6-90EB-FBA19A452394}"
EndProject
Global
	GlobalSection(SolutionConfigurationPlatforms) = preSolution
		Debug|Any CPU = Debug|Any CPU
		Release|Any CPU = Release|Any CPU
	EndGlobalSection
	GlobalSection(ProjectConfigurationPlatforms) = postSolution
		{DF6E1D28-EAEB-440C-84E2-0CF018313D6F}.Debug|Any CPU.ActiveCfg = Debug|Any CPU
		{DF6E1D28-EAEB-440C-84E2-0CF018313D6F}.Debug|Any CPU.Build.0 = Debug|Any CPU
		{DF6E1D28-EAEB-440C-84E2-0CF018313D6F}.Release|Any CPU.ActiveCfg = Release|Any CPU
		{DF6E1D28-EAEB-440C-84E2-0CF018313D6F}.Release|Any CPU.Build.0 = Release|Any CPU
		{4F6EA92D-F780-47A6-90EB-FBA19A452394}.Debug|Any CPU.ActiveCfg = Debug|Any CPU
		{4F6EA92D-F780-47A6-90EB-FBA19A452394}.Debug|Any CPU.Build.0 = Debug|Any CPU
		{4F6EA92D-F780-47A6-90EB-FBA19A452394}.Release|Any CPU.ActiveCfg = Release|Any CPU
		{4F6EA92D-F780-47A6-90EB-FBA19A452394}.Release|Any CPU.Build.0 = Release|Any CPU
	EndGlobalSection
	GlobalSection(SolutionProperties) = preSolution
		HideSolutionNode = FALSE
	EndGlobalSection
	GlobalSection(ExtensibilityGlobals) = postSolution
		SolutionGuid = {1B7E6710-499E-4BF9-BFC2-6EF33AF13EFA}
	EndGlobalSection
EndGlobal
